
Microsoft Visual Studio Solution File, Format Version 12.00
# Visual Studio Version 17
VisualStudioVersion = 17.1.32421.90
MinimumVisualStudioVersion = 10.0.40219.1
Project("{FAE04EC0-301F-11D3-BF4B-00C04F79EFBC}") = "InstagramClone.Web", "InstagramClone.Web\InstagramClone.Web.csproj", "{08AF7299-9708-4454-8D3B-361E8BEA4E37}"
EndProject
Global
	GlobalSection(SolutionConfigurationPlatforms) = preSolution
		Debug|Any CPU = Debug|Any CPU
		Release|Any CPU = Release|Any CPU
	EndGlobalSection
	GlobalSection(ProjectConfigurationPlatforms) = postSolution
		{08AF7299-9708-4454-8D3B-361E8BEA4E37}.Debug|Any CPU.ActiveCfg = Debug|Any CPU
		{08AF7299-9708-4454-8D3B-361E8BEA4E37}.Debug|Any CPU.Build.0 = Debug|Any CPU
		{08AF7299-9708-4454-8D3B-361E8BEA4E37}.Release|Any CPU.ActiveCfg = Release|Any CPU
		{08AF7299-9708-4454-8D3B-361E8BEA4E37}.Release|Any CPU.Build.0 = Release|Any CPU
	EndGlobalSection
	GlobalSection(SolutionProperties) = preSolution
		HideSolutionNode = FALSE
	EndGlobalSection
	GlobalSection(ExtensibilityGlobals) = postSolution
		SolutionGuid = {67081D36-9796-400D-A172-BEAF4546DA91}
	EndGlobalSection
EndGlobal
